// !$*UTF8*$!
{
	archiveVersion = 1;
	classes = {
	};
	objectVersion = 77;
	objects = {

/* Begin PBXBuildFile section */
		CE212E052D01DFB8004A1341 /* Manager.swift in Sources */ = {isa = PBXBuildFile; fileRef = CE212E042D01DFB8004A1341 /* Manager.swift */; };
		CE9C633E2CFF6FB100CE1D88 /* PlusButton.swift in Sources */ = {isa = PBXBuildFile; fileRef = CE9C633D2CFF6FB100CE1D88 /* PlusButton.swift */; };
		CE9C63402CFF773500CE1D88 /* MinusButton.swift in Sources */ = {isa = PBXBuildFile; fileRef = CE9C633F2CFF773500CE1D88 /* MinusButton.swift */; };
		CEEAACB02D04B505005F52E9 /* CountBeerLabel.swift in Sources */ = {isa = PBXBuildFile; fileRef = CEEAACAF2D04B505005F52E9 /* CountBeerLabel.swift */; };
		CEEAACB42D04B7F8005F52E9 /* CustomCounterStackView.swift in Sources */ = {isa = PBXBuildFile; fileRef = CEEAACB32D04B7F8005F52E9 /* CustomCounterStackView.swift */; };
		CEEAACB62D04BB71005F52E9 /* CustomBeersStackView.swift in Sources */ = {isa = PBXBuildFile; fileRef = CEEAACB52D04BB71005F52E9 /* CustomBeersStackView.swift */; };
		CEEF452E2D004EE600FA180D /* CoutingButton.swift in Sources */ = {isa = PBXBuildFile; fileRef = CEEF452D2D004EE600FA180D /* CoutingButton.swift */; };
		CEEF45312D00537100FA180D /* NameBeerLabel.swift in Sources */ = {isa = PBXBuildFile; fileRef = CEEF45302D00537100FA180D /* NameBeerLabel.swift */; };
		CEF07D652CFF255D0061AD0A /* AppDelegate.swift in Sources */ = {isa = PBXBuildFile; fileRef = CEF07D5B2CFF255D0061AD0A /* AppDelegate.swift */; };
		CEF07D662CFF255D0061AD0A /* SceneDelegate.swift in Sources */ = {isa = PBXBuildFile; fileRef = CEF07D622CFF255D0061AD0A /* SceneDelegate.swift */; };
		CEF07D672CFF255D0061AD0A /* ViewController.swift in Sources */ = {isa = PBXBuildFile; fileRef = CEF07D632CFF255D0061AD0A /* ViewController.swift */; };
		CEF07D682CFF255D0061AD0A /* Assets.xcassets in Resources */ = {isa = PBXBuildFile; fileRef = CEF07D5C2CFF255D0061AD0A /* Assets.xcassets */; };
		CEF07D702CFF29710061AD0A /* Beer.swift in Sources */ = {isa = PBXBuildFile; fileRef = CEF07D6F2CFF29710061AD0A /* Beer.swift */; };
/* End PBXBuildFile section */

/* Begin PBXFileReference section */
		CE212E042D01DFB8004A1341 /* Manager.swift */ = {isa = PBXFileReference; lastKnownFileType = sourcecode.swift; path = Manager.swift; sourceTree = "<group>"; };
		CE9C633D2CFF6FB100CE1D88 /* PlusButton.swift */ = {isa = PBXFileReference; lastKnownFileType = sourcecode.swift; path = PlusButton.swift; sourceTree = "<group>"; };
		CE9C633F2CFF773500CE1D88 /* MinusButton.swift */ = {isa = PBXFileReference; lastKnownFileType = sourcecode.swift; path = MinusButton.swift; sourceTree = "<group>"; };
		CEEAACAF2D04B505005F52E9 /* CountBeerLabel.swift */ = {isa = PBXFileReference; lastKnownFileType = sourcecode.swift; path = CountBeerLabel.swift; sourceTree = "<group>"; };
		CEEAACB32D04B7F8005F52E9 /* CustomCounterStackView.swift */ = {isa = PBXFileReference; lastKnownFileType = sourcecode.swift; path = CustomCounterStackView.swift; sourceTree = "<group>"; };
		CEEAACB52D04BB71005F52E9 /* CustomBeersStackView.swift */ = {isa = PBXFileReference; lastKnownFileType = sourcecode.swift; path = CustomBeersStackView.swift; sourceTree = "<group>"; };
		CEEF452D2D004EE600FA180D /* CoutingButton.swift */ = {isa = PBXFileReference; lastKnownFileType = sourcecode.swift; path = CoutingButton.swift; sourceTree = "<group>"; };
		CEEF45302D00537100FA180D /* NameBeerLabel.swift */ = {isa = PBXFileReference; lastKnownFileType = sourcecode.swift; path = NameBeerLabel.swift; sourceTree = "<group>"; };
		CEF07D432CFF25540061AD0A /* BeerApp.app */ = {isa = PBXFileReference; explicitFileType = wrapper.application; includeInIndex = 0; path = BeerApp.app; sourceTree = BUILT_PRODUCTS_DIR; };
		CEF07D5B2CFF255D0061AD0A /* AppDelegate.swift */ = {isa = PBXFileReference; lastKnownFileType = sourcecode.swift; path = AppDelegate.swift; sourceTree = "<group>"; };
		CEF07D5C2CFF255D0061AD0A /* Assets.xcassets */ = {isa = PBXFileReference; lastKnownFileType = folder.assetcatalog; path = Assets.xcassets; sourceTree = "<group>"; };
		CEF07D5D2CFF255D0061AD0A /* Info.plist */ = {isa = PBXFileReference; lastKnownFileType = text.plist.xml; path = Info.plist; sourceTree = "<group>"; };
		CEF07D622CFF255D0061AD0A /* SceneDelegate.swift */ = {isa = PBXFileReference; lastKnownFileType = sourcecode.swift; path = SceneDelegate.swift; sourceTree = "<group>"; };
		CEF07D632CFF255D0061AD0A /* ViewController.swift */ = {isa = PBXFileReference; lastKnownFileType = sourcecode.swift; path = ViewController.swift; sourceTree = "<group>"; };
		CEF07D6F2CFF29710061AD0A /* Beer.swift */ = {isa = PBXFileReference; lastKnownFileType = sourcecode.swift; path = Beer.swift; sourceTree = "<group>"; };
/* End PBXFileReference section */

/* Begin PBXFrameworksBuildPhase section */
		CEF07D402CFF25540061AD0A /* Frameworks */ = {
			isa = PBXFrameworksBuildPhase;
			buildActionMask = 2147483647;
			files = (
			);
			runOnlyForDeploymentPostprocessing = 0;
		};
/* End PBXFrameworksBuildPhase section */

/* Begin PBXGroup section */
		CEEF452F2D00533500FA180D /* Custom Views */ = {
			isa = PBXGroup;
			children = (
				CE9C633D2CFF6FB100CE1D88 /* PlusButton.swift */,
				CE9C633F2CFF773500CE1D88 /* MinusButton.swift */,
				CEEF452D2D004EE600FA180D /* CoutingButton.swift */,
				CEEF45302D00537100FA180D /* NameBeerLabel.swift */,
				CEEAACAF2D04B505005F52E9 /* CountBeerLabel.swift */,
				CEEAACB32D04B7F8005F52E9 /* CustomCounterStackView.swift */,
				CEEAACB52D04BB71005F52E9 /* CustomBeersStackView.swift */,
			);
			path = "Custom Views";
			sourceTree = "<group>";
		};
		CEF07D3A2CFF25540061AD0A = {
			isa = PBXGroup;
			children = (
				CEF07D642CFF255D0061AD0A /* BeerApp */,
				CEF07D442CFF25540061AD0A /* Products */,
			);
			sourceTree = "<group>";
		};
		CEF07D442CFF25540061AD0A /* Products */ = {
			isa = PBXGroup;
			children = (
				CEF07D432CFF25540061AD0A /* BeerApp.app */,
			);
			name = Products;
			sourceTree = "<group>";
		};
		CEF07D642CFF255D0061AD0A /* BeerApp */ = {
			isa = PBXGroup;
			children = (
				CEF07D6E2CFF295A0061AD0A /* Model */,
				CEF07D6C2CFF25810061AD0A /* App */,
				CEF07D6D2CFF25920061AD0A /* ViewControllers */,
				CEF07D5C2CFF255D0061AD0A /* Assets.xcassets */,
			);
			path = BeerApp;
			sourceTree = "<group>";
		};
		CEF07D6C2CFF25810061AD0A /* App */ = {
			isa = PBXGroup;
			children = (
				CEF07D5B2CFF255D0061AD0A /* AppDelegate.swift */,
				CEF07D622CFF255D0061AD0A /* SceneDelegate.swift */,
				CEF07D5D2CFF255D0061AD0A /* Info.plist */,
			);
			path = App;
			sourceTree = "<group>";
		};
		CEF07D6D2CFF25920061AD0A /* ViewControllers */ = {
			isa = PBXGroup;
			children = (
				CEF07D632CFF255D0061AD0A /* ViewController.swift */,
				CEEF452F2D00533500FA180D /* Custom Views */,
			);
			path = ViewControllers;
			sourceTree = "<group>";
		};
		CEF07D6E2CFF295A0061AD0A /* Model */ = {
			isa = PBXGroup;
			children = (
				CEF07D6F2CFF29710061AD0A /* Beer.swift */,
				CE212E042D01DFB8004A1341 /* Manager.swift */,
			);
			path = Model;
			sourceTree = "<group>";
		};
/* End PBXGroup section */

/* Begin PBXNativeTarget section */
		CEF07D422CFF25540061AD0A /* BeerApp */ = {
			isa = PBXNativeTarget;
			buildConfigurationList = CEF07D562CFF25560061AD0A /* Build configuration list for PBXNativeTarget "BeerApp" */;
			buildPhases = (
				CEF07D3F2CFF25540061AD0A /* Sources */,
				CEF07D402CFF25540061AD0A /* Frameworks */,
				CEF07D412CFF25540061AD0A /* Resources */,
			);
			buildRules = (
			);
			dependencies = (
			);
			name = BeerApp;
			packageProductDependencies = (
			);
			productName = BeerApp;
			productReference = CEF07D432CFF25540061AD0A /* BeerApp.app */;
			productType = "com.apple.product-type.application";
		};
/* End PBXNativeTarget section */

/* Begin PBXProject section */
		CEF07D3B2CFF25540061AD0A /* Project object */ = {
			isa = PBXProject;
			attributes = {
				BuildIndependentTargetsInParallel = 1;
				LastSwiftUpdateCheck = 1610;
				LastUpgradeCheck = 1610;
				TargetAttributes = {
					CEF07D422CFF25540061AD0A = {
						CreatedOnToolsVersion = 16.1;
					};
				};
			};
			buildConfigurationList = CEF07D3E2CFF25540061AD0A /* Build configuration list for PBXProject "BeerApp" */;
			developmentRegion = en;
			hasScannedForEncodings = 0;
			knownRegions = (
				en,
				Base,
			);
			mainGroup = CEF07D3A2CFF25540061AD0A;
			minimizedProjectReferenceProxies = 1;
			preferredProjectObjectVersion = 77;
			productRefGroup = CEF07D442CFF25540061AD0A /* Products */;
			projectDirPath = "";
			projectRoot = "";
			targets = (
				CEF07D422CFF25540061AD0A /* BeerApp */,
			);
		};
/* End PBXProject section */

/* Begin PBXResourcesBuildPhase section */
		CEF07D412CFF25540061AD0A /* Resources */ = {
			isa = PBXResourcesBuildPhase;
			buildActionMask = 2147483647;
			files = (
				CEF07D682CFF255D0061AD0A /* Assets.xcassets in Resources */,
			);
			runOnlyForDeploymentPostprocessing = 0;
		};
/* End PBXResourcesBuildPhase section */

/* Begin PBXSourcesBuildPhase section */
		CEF07D3F2CFF25540061AD0A /* Sources */ = {
			isa = PBXSourcesBuildPhase;
			buildActionMask = 2147483647;
			files = (
				CEEAACB42D04B7F8005F52E9 /* CustomCounterStackView.swift in Sources */,
				CE9C63402CFF773500CE1D88 /* MinusButton.swift in Sources */,
				CEEF45312D00537100FA180D /* NameBeerLabel.swift in Sources */,
				CEEAACB02D04B505005F52E9 /* CountBeerLabel.swift in Sources */,
				CEF07D652CFF255D0061AD0A /* AppDelegate.swift in Sources */,
				CEEF452E2D004EE600FA180D /* CoutingButton.swift in Sources */,
				CEF07D662CFF255D0061AD0A /* SceneDelegate.swift in Sources */,
				CEF07D672CFF255D0061AD0A /* ViewController.swift in Sources */,
				CEF07D702CFF29710061AD0A /* Beer.swift in Sources */,
				CEEAACB62D04BB71005F52E9 /* CustomBeersStackView.swift in Sources */,
				CE212E052D01DFB8004A1341 /* Manager.swift in Sources */,
				CE9C633E2CFF6FB100CE1D88 /* PlusButton.swift in Sources */,
			);
			runOnlyForDeploymentPostprocessing = 0;
		};
/* End PBXSourcesBuildPhase section */

/* Begin XCBuildConfiguration section */
		CEF07D572CFF25560061AD0A /* Debug */ = {
			isa = XCBuildConfiguration;
			buildSettings = {
				ASSETCATALOG_COMPILER_APPICON_NAME = AppIcon;
				ASSETCATALOG_COMPILER_GLOBAL_ACCENT_COLOR_NAME = AccentColor;
				CODE_SIGN_STYLE = Automatic;
				CURRENT_PROJECT_VERSION = 1;
				DEVELOPMENT_TEAM = 24Q9WM75S6;
				GENERATE_INFOPLIST_FILE = YES;
				INFOPLIST_FILE = BeerApp/App/Info.plist;
				INFOPLIST_KEY_UIApplicationSupportsIndirectInputEvents = YES;
				INFOPLIST_KEY_UILaunchStoryboardName = LaunchScreen;
				INFOPLIST_KEY_UISupportedInterfaceOrientations_iPad = "UIInterfaceOrientationPortrait UIInterfaceOrientationPortraitUpsideDown UIInterfaceOrientationLandscapeLeft UIInterfaceOrientationLandscapeRight";
				INFOPLIST_KEY_UISupportedInterfaceOrientations_iPhone = "UIInterfaceOrientationPortrait UIInterfaceOrientationLandscapeLeft UIInterfaceOrientationLandscapeRight";
				LD_RUNPATH_SEARCH_PATHS = (
					"$(inherited)",
					"@executable_path/Frameworks",
				);
				MARKETING_VERSION = 1.0;
				PRODUCT_BUNDLE_IDENTIFIER = halushko.BeerApp;
				PRODUCT_NAME = "$(TARGET_NAME)";
				SWIFT_EMIT_LOC_STRINGS = YES;
				SWIFT_VERSION = 5.0;
				TARGETED_DEVICE_FAMILY = "1,2";
			};
			name = Debug;
		};
		CEF07D582CFF25560061AD0A /* Release */ = {
			isa = XCBuildConfiguration;
			buildSettings = {
				ASSETCATALOG_COMPILER_APPICON_NAME = AppIcon;
				ASSETCATALOG_COMPILER_GLOBAL_ACCENT_COLOR_NAME = AccentColor;
				CODE_SIGN_STYLE = Automatic;
				CURRENT_PROJECT_VERSION = 1;
				DEVELOPMENT_TEAM = 24Q9WM75S6;
				GENERATE_INFOPLIST_FILE = YES;
				INFOPLIST_FILE = BeerApp/App/Info.plist;
				INFOPLIST_KEY_UIApplicationSupportsIndirectInputEvents = YES;
				INFOPLIST_KEY_UILaunchStoryboardName = LaunchScreen;
				INFOPLIST_KEY_UISupportedInterfaceOrientations_iPad = "UIInterfaceOrientationPortrait UIInterfaceOrientationPortraitUpsideDown UIInterfaceOrientationLandscapeLeft UIInterfaceOrientationLandscapeRight";
				INFOPLIST_KEY_UISupportedInterfaceOrientations_iPhone = "UIInterfaceOrientationPortrait UIInterfaceOrientationLandscapeLeft UIInterfaceOrientationLandscapeRight";
				LD_RUNPATH_SEARCH_PATHS = (
					"$(inherited)",
					"@executable_path/Frameworks",
				);
				MARKETING_VERSION = 1.0;
				PRODUCT_BUNDLE_IDENTIFIER = halushko.BeerApp;
				PRODUCT_NAME = "$(TARGET_NAME)";
				SWIFT_EMIT_LOC_STRINGS = YES;
				SWIFT_VERSION = 5.0;
				TARGETED_DEVICE_FAMILY = "1,2";
			};
			name = Release;
		};
		CEF07D592CFF25560061AD0A /* Debug */ = {
			isa = XCBuildConfiguration;
			buildSettings = {
				ALWAYS_SEARCH_USER_PATHS = NO;
				ASSETCATALOG_COMPILER_GENERATE_SWIFT_ASSET_SYMBOL_EXTENSIONS = YES;
				CLANG_ANALYZER_NONNULL = YES;
				CLANG_ANALYZER_NUMBER_OBJECT_CONVERSION = YES_AGGRESSIVE;
				CLANG_CXX_LANGUAGE_STANDARD = "gnu++20";
				CLANG_ENABLE_MODULES = YES;
				CLANG_ENABLE_OBJC_ARC = YES;
				CLANG_ENABLE_OBJC_WEAK = YES;
				CLANG_WARN_BLOCK_CAPTURE_AUTORELEASING = YES;
				CLANG_WARN_BOOL_CONVERSION = YES;
				CLANG_WARN_COMMA = YES;
				CLANG_WARN_CONSTANT_CONVERSION = YES;
				CLANG_WARN_DEPRECATED_OBJC_IMPLEMENTATIONS = YES;
				CLANG_WARN_DIRECT_OBJC_ISA_USAGE = YES_ERROR;
				CLANG_WARN_DOCUMENTATION_COMMENTS = YES;
				CLANG_WARN_EMPTY_BODY = YES;
				CLANG_WARN_ENUM_CONVERSION = YES;
				CLANG_WARN_INFINITE_RECURSION = YES;
				CLANG_WARN_INT_CONVERSION = YES;
				CLANG_WARN_NON_LITERAL_NULL_CONVERSION = YES;
				CLANG_WARN_OBJC_IMPLICIT_RETAIN_SELF = YES;
				CLANG_WARN_OBJC_LITERAL_CONVERSION = YES;
				CLANG_WARN_OBJC_ROOT_CLASS = YES_ERROR;
				CLANG_WARN_QUOTED_INCLUDE_IN_FRAMEWORK_HEADER = YES;
				CLANG_WARN_RANGE_LOOP_ANALYSIS = YES;
				CLANG_WARN_STRICT_PROTOTYPES = YES;
				CLANG_WARN_SUSPICIOUS_MOVE = YES;
				CLANG_WARN_UNGUARDED_AVAILABILITY = YES_AGGRESSIVE;
				CLANG_WARN_UNREACHABLE_CODE = YES;
				CLANG_WARN__DUPLICATE_METHOD_MATCH = YES;
				COPY_PHASE_STRIP = NO;
				DEBUG_INFORMATION_FORMAT = dwarf;
				ENABLE_STRICT_OBJC_MSGSEND = YES;
				ENABLE_TESTABILITY = YES;
				ENABLE_USER_SCRIPT_SANDBOXING = YES;
				GCC_C_LANGUAGE_STANDARD = gnu17;
				GCC_DYNAMIC_NO_PIC = NO;
				GCC_NO_COMMON_BLOCKS = YES;
				GCC_OPTIMIZATION_LEVEL = 0;
				GCC_PREPROCESSOR_DEFINITIONS = (
					"DEBUG=1",
					"$(inherited)",
				);
				GCC_WARN_64_TO_32_BIT_CONVERSION = YES;
				GCC_WARN_ABOUT_RETURN_TYPE = YES_ERROR;
				GCC_WARN_UNDECLARED_SELECTOR = YES;
				GCC_WARN_UNINITIALIZED_AUTOS = YES_AGGRESSIVE;
				GCC_WARN_UNUSED_FUNCTION = YES;
				GCC_WARN_UNUSED_VARIABLE = YES;
				IPHONEOS_DEPLOYMENT_TARGET = 18.1;
				LOCALIZATION_PREFERS_STRING_CATALOGS = YES;
				MTL_ENABLE_DEBUG_INFO = INCLUDE_SOURCE;
				MTL_FAST_MATH = YES;
				ONLY_ACTIVE_ARCH = YES;
				SDKROOT = iphoneos;
				SWIFT_ACTIVE_COMPILATION_CONDITIONS = "DEBUG $(inherited)";
				SWIFT_OPTIMIZATION_LEVEL = "-Onone";
			};
			name = Debug;
		};
		CEF07D5A2CFF25560061AD0A /* Release */ = {
			isa = XCBuildConfiguration;
			buildSettings = {
				ALWAYS_SEARCH_USER_PATHS = NO;
				ASSETCATALOG_COMPILER_GENERATE_SWIFT_ASSET_SYMBOL_EXTENSIONS = YES;
				CLANG_ANALYZER_NONNULL = YES;
				CLANG_ANALYZER_NUMBER_OBJECT_CONVERSION = YES_AGGRESSIVE;
				CLANG_CXX_LANGUAGE_STANDARD = "gnu++20";
				CLANG_ENABLE_MODULES = YES;
				CLANG_ENABLE_OBJC_ARC = YES;
				CLANG_ENABLE_OBJC_WEAK = YES;
				CLANG_WARN_BLOCK_CAPTURE_AUTORELEASING = YES;
				CLANG_WARN_BOOL_CONVERSION = YES;
				CLANG_WARN_COMMA = YES;
				CLANG_WARN_CONSTANT_CONVERSION = YES;
				CLANG_WARN_DEPRECATED_OBJC_IMPLEMENTATIONS = YES;
				CLANG_WARN_DIRECT_OBJC_ISA_USAGE = YES_ERROR;
				CLANG_WARN_DOCUMENTATION_COMMENTS = YES;
				CLANG_WARN_EMPTY_BODY = YES;
				CLANG_WARN_ENUM_CONVERSION = YES;
				CLANG_WARN_INFINITE_RECURSION = YES;
				CLANG_WARN_INT_CONVERSION = YES;
				CLANG_WARN_NON_LITERAL_NULL_CONVERSION = YES;
				CLANG_WARN_OBJC_IMPLICIT_RETAIN_SELF = YES;
				CLANG_WARN_OBJC_LITERAL_CONVERSION = YES;
				CLANG_WARN_OBJC_ROOT_CLASS = YES_ERROR;
				CLANG_WARN_QUOTED_INCLUDE_IN_FRAMEWORK_HEADER = YES;
				CLANG_WARN_RANGE_LOOP_ANALYSIS = YES;
				CLANG_WARN_STRICT_PROTOTYPES = YES;
				CLANG_WARN_SUSPICIOUS_MOVE = YES;
				CLANG_WARN_UNGUARDED_AVAILABILITY = YES_AGGRESSIVE;
				CLANG_WARN_UNREACHABLE_CODE = YES;
				CLANG_WARN__DUPLICATE_METHOD_MATCH = YES;
				COPY_PHASE_STRIP = NO;
				DEBUG_INFORMATION_FORMAT = "dwarf-with-dsym";
				ENABLE_NS_ASSERTIONS = NO;
				ENABLE_STRICT_OBJC_MSGSEND = YES;
				ENABLE_USER_SCRIPT_SANDBOXING = YES;
				GCC_C_LANGUAGE_STANDARD = gnu17;
				GCC_NO_COMMON_BLOCKS = YES;
				GCC_WARN_64_TO_32_BIT_CONVERSION = YES;
				GCC_WARN_ABOUT_RETURN_TYPE = YES_ERROR;
				GCC_WARN_UNDECLARED_SELECTOR = YES;
				GCC_WARN_UNINITIALIZED_AUTOS = YES_AGGRESSIVE;
				GCC_WARN_UNUSED_FUNCTION = YES;
				GCC_WARN_UNUSED_VARIABLE = YES;
				IPHONEOS_DEPLOYMENT_TARGET = 18.1;
				LOCALIZATION_PREFERS_STRING_CATALOGS = YES;
				MTL_ENABLE_DEBUG_INFO = NO;
				MTL_FAST_MATH = YES;
				SDKROOT = iphoneos;
				SWIFT_COMPILATION_MODE = wholemodule;
				VALIDATE_PRODUCT = YES;
			};
			name = Release;
		};
/* End XCBuildConfiguration section */

/* Begin XCConfigurationList section */
		CEF07D3E2CFF25540061AD0A /* Build configuration list for PBXProject "BeerApp" */ = {
			isa = XCConfigurationList;
			buildConfigurations = (
				CEF07D592CFF25560061AD0A /* Debug */,
				CEF07D5A2CFF25560061AD0A /* Release */,
			);
			defaultConfigurationIsVisible = 0;
			defaultConfigurationName = Release;
		};
		CEF07D562CFF25560061AD0A /* Build configuration list for PBXNativeTarget "BeerApp" */ = {
			isa = XCConfigurationList;
			buildConfigurations = (
				CEF07D572CFF25560061AD0A /* Debug */,
				CEF07D582CFF25560061AD0A /* Release */,
			);
			defaultConfigurationIsVisible = 0;
			defaultConfigurationName = Release;
		};
/* End XCConfigurationList section */
	};
	rootObject = CEF07D3B2CFF25540061AD0A /* Project object */;
}
